// !$*UTF8*$!
{
	archiveVersion = 1;
	classes = {
	};
	objectVersion = 46;
	objects = {

/* Begin PBXBuildFile section */
		64A42EE93AB646C6CEE18A71 /* libPods-HalfCandy.a in Frameworks */ = {isa = PBXBuildFile; fileRef = DC41E413AC11BFE6E351FF72 /* libPods-HalfCandy.a */; };
		7C1E00211D12A88200922ABA /* BaseModel.m in Sources */ = {isa = PBXBuildFile; fileRef = 7C1E00201D12A88200922ABA /* BaseModel.m */; };
		7C1E00241D12AF9500922ABA /* TopicImageIconTableViewCell.m in Sources */ = {isa = PBXBuildFile; fileRef = 7C1E00231D12AF9500922ABA /* TopicImageIconTableViewCell.m */; };
		7C2497FE1D1A9481000C9EAA /* TopNavgationView.m in Sources */ = {isa = PBXBuildFile; fileRef = 7C2497FD1D1A9481000C9EAA /* TopNavgationView.m */; };
		7C6485DC1D06524B00BE07AF /* UIScrollView+ContentSetting.m in Sources */ = {isa = PBXBuildFile; fileRef = 7C6485DB1D06524B00BE07AF /* UIScrollView+ContentSetting.m */; };
		7C6485E11D066B6D00BE07AF /* HomeListViewController.m in Sources */ = {isa = PBXBuildFile; fileRef = 7C6485E01D066B6D00BE07AF /* HomeListViewController.m */; };
		7C6485E71D06AD5A00BE07AF /* QCRound.m in Sources */ = {isa = PBXBuildFile; fileRef = 7C6485E41D06AD5A00BE07AF /* QCRound.m */; };
		7C6485E81D06AD5A00BE07AF /* QCRoundCell.m in Sources */ = {isa = PBXBuildFile; fileRef = 7C6485E61D06AD5A00BE07AF /* QCRoundCell.m */; };
		7C65EF781D07B8AB00927E40 /* QCNetworkManager.m in Sources */ = {isa = PBXBuildFile; fileRef = 7C65EF771D07B8AB00927E40 /* QCNetworkManager.m */; };
		7C65EF7B1D07EAF400927E40 /* QCBaseRequest.m in Sources */ = {isa = PBXBuildFile; fileRef = 7C65EF7A1D07EAF400927E40 /* QCBaseRequest.m */; };
		7C65EF7F1D08139700927E40 /* QCHomeRequest.m in Sources */ = {isa = PBXBuildFile; fileRef = 7C65EF7E1D08139700927E40 /* QCHomeRequest.m */; };
		7C65EF821D081CC400927E40 /* QCNetworkConfig.m in Sources */ = {isa = PBXBuildFile; fileRef = 7C65EF811D081CC400927E40 /* QCNetworkConfig.m */; };
		7C65EF981D091C1D00927E40 /* HalfCandyTests.m in Sources */ = {isa = PBXBuildFile; fileRef = 7C65EF971D091C1D00927E40 /* HalfCandyTests.m */; };
		7C65EFA01D091C4300927E40 /* QCNetworkConfigTest.m in Sources */ = {isa = PBXBuildFile; fileRef = 7C65EF9F1D091C4300927E40 /* QCNetworkConfigTest.m */; };
		7C65EFD91D09274700927E40 /* Append_Extend.m in Sources */ = {isa = PBXBuildFile; fileRef = 7C65EFC41D09274700927E40 /* Append_Extend.m */; };
		7C65EFDA1D09274700927E40 /* Banner.m in Sources */ = {isa = PBXBuildFile; fileRef = 7C65EFC61D09274700927E40 /* Banner.m */; };
		7C65EFDB1D09274700927E40 /* Category_Element.m in Sources */ = {isa = PBXBuildFile; fileRef = 7C65EFC81D09274700927E40 /* Category_Element.m */; };
		7C65EFDC1D09274700927E40 /* Channel.m in Sources */ = {isa = PBXBuildFile; fileRef = 7C65EFCA1D09274700927E40 /* Channel.m */; };
		7C65EFDD1D09274700927E40 /* Firstpage_Element.m in Sources */ = {isa = PBXBuildFile; fileRef = 7C65EFCC1D09274700927E40 /* Firstpage_Element.m */; };
		7C65EFDE1D09274700927E40 /* HomePageData.m in Sources */ = {isa = PBXBuildFile; fileRef = 7C65EFCE1D09274700927E40 /* HomePageData.m */; };
		7C65EFDF1D09274700927E40 /* HomePageRecommend.m in Sources */ = {isa = PBXBuildFile; fileRef = 7C65EFD01D09274700927E40 /* HomePageRecommend.m */; };
		7C65EFE01D09274700927E40 /* Pics.m in Sources */ = {isa = PBXBuildFile; fileRef = 7C65EFD21D09274700927E40 /* Pics.m */; };
		7C65EFE11D09274700927E40 /* Topic.m in Sources */ = {isa = PBXBuildFile; fileRef = 7C65EFD41D09274700927E40 /* Topic.m */; };
		7C65EFE21D09274700927E40 /* User.m in Sources */ = {isa = PBXBuildFile; fileRef = 7C65EFD61D09274700927E40 /* User.m */; };
		7C65EFE31D09274700927E40 /* Video.m in Sources */ = {isa = PBXBuildFile; fileRef = 7C65EFD81D09274700927E40 /* Video.m */; };
		7C65EFE61D0B152C00927E40 /* QCTitleViewLayout.m in Sources */ = {isa = PBXBuildFile; fileRef = 7C65EFE51D0B152C00927E40 /* QCTitleViewLayout.m */; };
		7C65F0071D0C7C6200927E40 /* TitleCollectionViewCell.m in Sources */ = {isa = PBXBuildFile; fileRef = 7C65F0061D0C7C6200927E40 /* TitleCollectionViewCell.m */; };
		7C65F0111D0D071B00927E40 /* BaseTableViewCell.m in Sources */ = {isa = PBXBuildFile; fileRef = 7C65F0101D0D071B00927E40 /* BaseTableViewCell.m */; };
		7C65F0151D0D089100927E40 /* CellFactory.m in Sources */ = {isa = PBXBuildFile; fileRef = 7C65F0141D0D089100927E40 /* CellFactory.m */; };
		7C65F0191D0D0C2900927E40 /* TopicTableViewCell.m in Sources */ = {isa = PBXBuildFile; fileRef = 7C65F0171D0D0C2900927E40 /* TopicTableViewCell.m */; };
		7C65F0301D0D963300927E40 /* QCViewControllerFlowLayout.m in Sources */ = {isa = PBXBuildFile; fileRef = 7C65F02F1D0D963300927E40 /* QCViewControllerFlowLayout.m */; };
		7CB49D771CF6F9E000B5F8FA /* main.m in Sources */ = {isa = PBXBuildFile; fileRef = 7CB49D761CF6F9E000B5F8FA /* main.m */; };
		7CB49D7A1CF6F9E000B5F8FA /* AppDelegate.m in Sources */ = {isa = PBXBuildFile; fileRef = 7CB49D791CF6F9E000B5F8FA /* AppDelegate.m */; };
		7CB49D801CF6F9E000B5F8FA /* Main.storyboard in Resources */ = {isa = PBXBuildFile; fileRef = 7CB49D7E1CF6F9E000B5F8FA /* Main.storyboard */; };
		7CB49D821CF6F9E000B5F8FA /* Assets.xcassets in Resources */ = {isa = PBXBuildFile; fileRef = 7CB49D811CF6F9E000B5F8FA /* Assets.xcassets */; };
		7CB49D851CF6F9E000B5F8FA /* LaunchScreen.storyboard in Resources */ = {isa = PBXBuildFile; fileRef = 7CB49D831CF6F9E000B5F8FA /* LaunchScreen.storyboard */; };
		7CB49D921CF6FA2200B5F8FA /* HCHomePageViewController.m in Sources */ = {isa = PBXBuildFile; fileRef = 7CB49D911CF6FA2200B5F8FA /* HCHomePageViewController.m */; };
		7CB954EE1D046DDF007E396B /* UIView+Coord.m in Sources */ = {isa = PBXBuildFile; fileRef = 7CB954ED1D046DDF007E396B /* UIView+Coord.m */; };
		7CE2141B1D1258B400B1B98B /* Insert_Element.m in Sources */ = {isa = PBXBuildFile; fileRef = 7CE2141A1D1258B400B1B98B /* Insert_Element.m */; };
/* End PBXBuildFile section */

/* Begin PBXContainerItemProxy section */
		7C65EF9A1D091C1D00927E40 /* PBXContainerItemProxy */ = {
			isa = PBXContainerItemProxy;
			containerPortal = 7CB49D6A1CF6F9E000B5F8FA /* Project object */;
			proxyType = 1;
			remoteGlobalIDString = 7CB49D711CF6F9E000B5F8FA;
			remoteInfo = HalfCandy;
		};
/* End PBXContainerItemProxy section */

/* Begin PBXFileReference section */
		7A112DEABDF6EA5C7915D9F5 /* Pods-HalfCandy.debug.xcconfig */ = {isa = PBXFileReference; includeInIndex = 1; lastKnownFileType = text.xcconfig; name = "Pods-HalfCandy.debug.xcconfig"; path = "Pods/Target Support Files/Pods-HalfCandy/Pods-HalfCandy.debug.xcconfig"; sourceTree = "<group>"; };
		7C1E001F1D12A88200922ABA /* BaseModel.h */ = {isa = PBXFileReference; fileEncoding = 4; lastKnownFileType = sourcecode.c.h; path = BaseModel.h; sourceTree = "<group>"; };
		7C1E00201D12A88200922ABA /* BaseModel.m */ = {isa = PBXFileReference; fileEncoding = 4; lastKnownFileType = sourcecode.c.objc; path = BaseModel.m; sourceTree = "<group>"; };
		7C1E00221D12AF9500922ABA /* TopicImageIconTableViewCell.h */ = {isa = PBXFileReference; fileEncoding = 4; lastKnownFileType = sourcecode.c.h; path = TopicImageIconTableViewCell.h; sourceTree = "<group>"; };
		7C1E00231D12AF9500922ABA /* TopicImageIconTableViewCell.m */ = {isa = PBXFileReference; fileEncoding = 4; lastKnownFileType = sourcecode.c.objc; path = TopicImageIconTableViewCell.m; sourceTree = "<group>"; };
		7C2497FC1D1A9481000C9EAA /* TopNavgationView.h */ = {isa = PBXFileReference; fileEncoding = 4; lastKnownFileType = sourcecode.c.h; path = TopNavgationView.h; sourceTree = "<group>"; };
		7C2497FD1D1A9481000C9EAA /* TopNavgationView.m */ = {isa = PBXFileReference; fileEncoding = 4; lastKnownFileType = sourcecode.c.objc; path = TopNavgationView.m; sourceTree = "<group>"; };
		7C6485DA1D06524B00BE07AF /* UIScrollView+ContentSetting.h */ = {isa = PBXFileReference; fileEncoding = 4; lastKnownFileType = sourcecode.c.h; path = "UIScrollView+ContentSetting.h"; sourceTree = "<group>"; };
		7C6485DB1D06524B00BE07AF /* UIScrollView+ContentSetting.m */ = {isa = PBXFileReference; fileEncoding = 4; lastKnownFileType = sourcecode.c.objc; path = "UIScrollView+ContentSetting.m"; sourceTree = "<group>"; };
		7C6485DF1D066B6D00BE07AF /* HomeListViewController.h */ = {isa = PBXFileReference; fileEncoding = 4; lastKnownFileType = sourcecode.c.h; path = HomeListViewController.h; sourceTree = "<group>"; };
		7C6485E01D066B6D00BE07AF /* HomeListViewController.m */ = {isa = PBXFileReference; fileEncoding = 4; lastKnownFileType = sourcecode.c.objc; path = HomeListViewController.m; sourceTree = "<group>"; };
		7C6485E31D06AD5A00BE07AF /* QCRound.h */ = {isa = PBXFileReference; fileEncoding = 4; lastKnownFileType = sourcecode.c.h; path = QCRound.h; sourceTree = "<group>"; };
		7C6485E41D06AD5A00BE07AF /* QCRound.m */ = {isa = PBXFileReference; fileEncoding = 4; lastKnownFileType = sourcecode.c.objc; path = QCRound.m; sourceTree = "<group>"; };
		7C6485E51D06AD5A00BE07AF /* QCRoundCell.h */ = {isa = PBXFileReference; fileEncoding = 4; lastKnownFileType = sourcecode.c.h; path = QCRoundCell.h; sourceTree = "<group>"; };
		7C6485E61D06AD5A00BE07AF /* QCRoundCell.m */ = {isa = PBXFileReference; fileEncoding = 4; lastKnownFileType = sourcecode.c.objc; path = QCRoundCell.m; sourceTree = "<group>"; };
		7C65EF761D07B8AB00927E40 /* QCNetworkManager.h */ = {isa = PBXFileReference; fileEncoding = 4; lastKnownFileType = sourcecode.c.h; path = QCNetworkManager.h; sourceTree = "<group>"; };
		7C65EF771D07B8AB00927E40 /* QCNetworkManager.m */ = {isa = PBXFileReference; fileEncoding = 4; lastKnownFileType = sourcecode.c.objc; path = QCNetworkManager.m; sourceTree = "<group>"; };
		7C65EF791D07EAF400927E40 /* QCBaseRequest.h */ = {isa = PBXFileReference; fileEncoding = 4; lastKnownFileType = sourcecode.c.h; path = QCBaseRequest.h; sourceTree = "<group>"; };
		7C65EF7A1D07EAF400927E40 /* QCBaseRequest.m */ = {isa = PBXFileReference; fileEncoding = 4; lastKnownFileType = sourcecode.c.objc; path = QCBaseRequest.m; sourceTree = "<group>"; };
		7C65EF7C1D08128E00927E40 /* QCNetwork.h */ = {isa = PBXFileReference; lastKnownFileType = sourcecode.c.h; path = QCNetwork.h; sourceTree = "<group>"; };
		7C65EF7D1D08139700927E40 /* QCHomeRequest.h */ = {isa = PBXFileReference; fileEncoding = 4; lastKnownFileType = sourcecode.c.h; path = QCHomeRequest.h; sourceTree = "<group>"; };
		7C65EF7E1D08139700927E40 /* QCHomeRequest.m */ = {isa = PBXFileReference; fileEncoding = 4; lastKnownFileType = sourcecode.c.objc; path = QCHomeRequest.m; sourceTree = "<group>"; };
		7C65EF801D081CC400927E40 /* QCNetworkConfig.h */ = {isa = PBXFileReference; fileEncoding = 4; lastKnownFileType = sourcecode.c.h; path = QCNetworkConfig.h; sourceTree = "<group>"; };
		7C65EF811D081CC400927E40 /* QCNetworkConfig.m */ = {isa = PBXFileReference; fileEncoding = 4; lastKnownFileType = sourcecode.c.objc; path = QCNetworkConfig.m; sourceTree = "<group>"; };
		7C65EF951D091C1D00927E40 /* HalfCandyTests.xctest */ = {isa = PBXFileReference; explicitFileType = wrapper.cfbundle; includeInIndex = 0; path = HalfCandyTests.xctest; sourceTree = BUILT_PRODUCTS_DIR; };
		7C65EF971D091C1D00927E40 /* HalfCandyTests.m */ = {isa = PBXFileReference; lastKnownFileType = sourcecode.c.objc; path = HalfCandyTests.m; sourceTree = "<group>"; };
		7C65EF991D091C1D00927E40 /* Info.plist */ = {isa = PBXFileReference; lastKnownFileType = text.plist.xml; path = Info.plist; sourceTree = "<group>"; };
		7C65EF9F1D091C4300927E40 /* QCNetworkConfigTest.m */ = {isa = PBXFileReference; fileEncoding = 4; lastKnownFileType = sourcecode.c.objc; path = QCNetworkConfigTest.m; sourceTree = "<group>"; };
		7C65EFC31D09274700927E40 /* Append_Extend.h */ = {isa = PBXFileReference; fileEncoding = 4; lastKnownFileType = sourcecode.c.h; path = Append_Extend.h; sourceTree = "<group>"; };
		7C65EFC41D09274700927E40 /* Append_Extend.m */ = {isa = PBXFileReference; fileEncoding = 4; lastKnownFileType = sourcecode.c.objc; path = Append_Extend.m; sourceTree = "<group>"; };
		7C65EFC51D09274700927E40 /* Banner.h */ = {isa = PBXFileReference; fileEncoding = 4; lastKnownFileType = sourcecode.c.h; path = Banner.h; sourceTree = "<group>"; };
		7C65EFC61D09274700927E40 /* Banner.m */ = {isa = PBXFileReference; fileEncoding = 4; lastKnownFileType = sourcecode.c.objc; path = Banner.m; sourceTree = "<group>"; };
		7C65EFC71D09274700927E40 /* Category_Element.h */ = {isa = PBXFileReference; fileEncoding = 4; lastKnownFileType = sourcecode.c.h; path = Category_Element.h; sourceTree = "<group>"; };
		7C65EFC81D09274700927E40 /* Category_Element.m */ = {isa = PBXFileReference; fileEncoding = 4; lastKnownFileType = sourcecode.c.objc; path = Category_Element.m; sourceTree = "<group>"; };
		7C65EFC91D09274700927E40 /* Channel.h */ = {isa = PBXFileReference; fileEncoding = 4; lastKnownFileType = sourcecode.c.h; path = Channel.h; sourceTree = "<group>"; };
		7C65EFCA1D09274700927E40 /* Channel.m */ = {isa = PBXFileReference; fileEncoding = 4; lastKnownFileType = sourcecode.c.objc; path = Channel.m; sourceTree = "<group>"; };
		7C65EFCB1D09274700927E40 /* Firstpage_Element.h */ = {isa = PBXFileReference; fileEncoding = 4; lastKnownFileType = sourcecode.c.h; path = Firstpage_Element.h; sourceTree = "<group>"; };
		7C65EFCC1D09274700927E40 /* Firstpage_Element.m */ = {isa = PBXFileReference; fileEncoding = 4; lastKnownFileType = sourcecode.c.objc; path = Firstpage_Element.m; sourceTree = "<group>"; };
		7C65EFCD1D09274700927E40 /* HomePageData.h */ = {isa = PBXFileReference; fileEncoding = 4; lastKnownFileType = sourcecode.c.h; path = HomePageData.h; sourceTree = "<group>"; };
		7C65EFCE1D09274700927E40 /* HomePageData.m */ = {isa = PBXFileReference; fileEncoding = 4; lastKnownFileType = sourcecode.c.objc; path = HomePageData.m; sourceTree = "<group>"; };
		7C65EFCF1D09274700927E40 /* HomePageRecommend.h */ = {isa = PBXFileReference; fileEncoding = 4; lastKnownFileType = sourcecode.c.h; path = HomePageRecommend.h; sourceTree = "<group>"; };
		7C65EFD01D09274700927E40 /* HomePageRecommend.m */ = {isa = PBXFileReference; fileEncoding = 4; lastKnownFileType = sourcecode.c.objc; path = HomePageRecommend.m; sourceTree = "<group>"; };
		7C65EFD11D09274700927E40 /* Pics.h */ = {isa = PBXFileReference; fileEncoding = 4; lastKnownFileType = sourcecode.c.h; path = Pics.h; sourceTree = "<group>"; };
		7C65EFD21D09274700927E40 /* Pics.m */ = {isa = PBXFileReference; fileEncoding = 4; lastKnownFileType = sourcecode.c.objc; path = Pics.m; sourceTree = "<group>"; };
		7C65EFD31D09274700927E40 /* Topic.h */ = {isa = PBXFileReference; fileEncoding = 4; lastKnownFileType = sourcecode.c.h; path = Topic.h; sourceTree = "<group>"; };
		7C65EFD41D09274700927E40 /* Topic.m */ = {isa = PBXFileReference; fileEncoding = 4; lastKnownFileType = sourcecode.c.objc; path = Topic.m; sourceTree = "<group>"; };
		7C65EFD51D09274700927E40 /* User.h */ = {isa = PBXFileReference; fileEncoding = 4; lastKnownFileType = sourcecode.c.h; path = User.h; sourceTree = "<group>"; };
		7C65EFD61D09274700927E40 /* User.m */ = {isa = PBXFileReference; fileEncoding = 4; lastKnownFileType = sourcecode.c.objc; path = User.m; sourceTree = "<group>"; };
		7C65EFD71D09274700927E40 /* Video.h */ = {isa = PBXFileReference; fileEncoding = 4; lastKnownFileType = sourcecode.c.h; path = Video.h; sourceTree = "<group>"; };
		7C65EFD81D09274700927E40 /* Video.m */ = {isa = PBXFileReference; fileEncoding = 4; lastKnownFileType = sourcecode.c.objc; path = Video.m; sourceTree = "<group>"; };
		7C65EFE41D0B152C00927E40 /* QCTitleViewLayout.h */ = {isa = PBXFileReference; fileEncoding = 4; lastKnownFileType = sourcecode.c.h; path = QCTitleViewLayout.h; sourceTree = "<group>"; };
		7C65EFE51D0B152C00927E40 /* QCTitleViewLayout.m */ = {isa = PBXFileReference; fileEncoding = 4; lastKnownFileType = sourcecode.c.objc; path = QCTitleViewLayout.m; sourceTree = "<group>"; };
		7C65F0051D0C7C6200927E40 /* TitleCollectionViewCell.h */ = {isa = PBXFileReference; fileEncoding = 4; lastKnownFileType = sourcecode.c.h; path = TitleCollectionViewCell.h; sourceTree = "<group>"; };
		7C65F0061D0C7C6200927E40 /* TitleCollectionViewCell.m */ = {isa = PBXFileReference; fileEncoding = 4; lastKnownFileType = sourcecode.c.objc; path = TitleCollectionViewCell.m; sourceTree = "<group>"; };
		7C65F00F1D0D071B00927E40 /* BaseTableViewCell.h */ = {isa = PBXFileReference; fileEncoding = 4; lastKnownFileType = sourcecode.c.h; name = BaseTableViewCell.h; path = HomeListView/BaseTableViewCell.h; sourceTree = "<group>"; };
		7C65F0101D0D071B00927E40 /* BaseTableViewCell.m */ = {isa = PBXFileReference; fileEncoding = 4; lastKnownFileType = sourcecode.c.objc; name = BaseTableViewCell.m; path = HomeListView/BaseTableViewCell.m; sourceTree = "<group>"; };
		7C65F0131D0D089100927E40 /* CellFactory.h */ = {isa = PBXFileReference; fileEncoding = 4; lastKnownFileType = sourcecode.c.h; path = CellFactory.h; sourceTree = "<group>"; };
		7C65F0141D0D089100927E40 /* CellFactory.m */ = {isa = PBXFileReference; fileEncoding = 4; lastKnownFileType = sourcecode.c.objc; path = CellFactory.m; sourceTree = "<group>"; };
		7C65F0161D0D0C2900927E40 /* TopicTableViewCell.h */ = {isa = PBXFileReference; fileEncoding = 4; lastKnownFileType = sourcecode.c.h; path = TopicTableViewCell.h; sourceTree = "<group>"; };
		7C65F0171D0D0C2900927E40 /* TopicTableViewCell.m */ = {isa = PBXFileReference; fileEncoding = 4; lastKnownFileType = sourcecode.c.objc; path = TopicTableViewCell.m; sourceTree = "<group>"; };
		7C65F02E1D0D963300927E40 /* QCViewControllerFlowLayout.h */ = {isa = PBXFileReference; fileEncoding = 4; lastKnownFileType = sourcecode.c.h; name = QCViewControllerFlowLayout.h; path = View/QCViewControllerFlowLayout.h; sourceTree = "<group>"; };
		7C65F02F1D0D963300927E40 /* QCViewControllerFlowLayout.m */ = {isa = PBXFileReference; fileEncoding = 4; lastKnownFileType = sourcecode.c.objc; name = QCViewControllerFlowLayout.m; path = View/QCViewControllerFlowLayout.m; sourceTree = "<group>"; };
		7CB49D721CF6F9E000B5F8FA /* HalfCandy.app */ = {isa = PBXFileReference; explicitFileType = wrapper.application; includeInIndex = 0; path = HalfCandy.app; sourceTree = BUILT_PRODUCTS_DIR; };
		7CB49D761CF6F9E000B5F8FA /* main.m */ = {isa = PBXFileReference; lastKnownFileType = sourcecode.c.objc; path = main.m; sourceTree = "<group>"; };
		7CB49D781CF6F9E000B5F8FA /* AppDelegate.h */ = {isa = PBXFileReference; lastKnownFileType = sourcecode.c.h; path = AppDelegate.h; sourceTree = "<group>"; };
		7CB49D791CF6F9E000B5F8FA /* AppDelegate.m */ = {isa = PBXFileReference; lastKnownFileType = sourcecode.c.objc; path = AppDelegate.m; sourceTree = "<group>"; };
		7CB49D7F1CF6F9E000B5F8FA /* Base */ = {isa = PBXFileReference; lastKnownFileType = file.storyboard; name = Base; path = Base.lproj/Main.storyboard; sourceTree = "<group>"; };
		7CB49D811CF6F9E000B5F8FA /* Assets.xcassets */ = {isa = PBXFileReference; lastKnownFileType = folder.assetcatalog; path = Assets.xcassets; sourceTree = "<group>"; };
		7CB49D841CF6F9E000B5F8FA /* Base */ = {isa = PBXFileReference; lastKnownFileType = file.storyboard; name = Base; path = Base.lproj/LaunchScreen.storyboard; sourceTree = "<group>"; };
		7CB49D861CF6F9E000B5F8FA /* Info.plist */ = {isa = PBXFileReference; lastKnownFileType = text.plist.xml; path = Info.plist; sourceTree = "<group>"; };
		7CB49D901CF6FA2200B5F8FA /* HCHomePageViewController.h */ = {isa = PBXFileReference; fileEncoding = 4; lastKnownFileType = sourcecode.c.h; path = HCHomePageViewController.h; sourceTree = "<group>"; };
		7CB49D911CF6FA2200B5F8FA /* HCHomePageViewController.m */ = {isa = PBXFileReference; fileEncoding = 4; lastKnownFileType = sourcecode.c.objc; path = HCHomePageViewController.m; sourceTree = "<group>"; };
		7CB954EC1D046DDF007E396B /* UIView+Coord.h */ = {isa = PBXFileReference; fileEncoding = 4; lastKnownFileType = sourcecode.c.h; path = "UIView+Coord.h"; sourceTree = "<group>"; };
		7CB954ED1D046DDF007E396B /* UIView+Coord.m */ = {isa = PBXFileReference; fileEncoding = 4; lastKnownFileType = sourcecode.c.objc; path = "UIView+Coord.m"; sourceTree = "<group>"; };
		7CE214191D1258B400B1B98B /* Insert_Element.h */ = {isa = PBXFileReference; fileEncoding = 4; lastKnownFileType = sourcecode.c.h; path = Insert_Element.h; sourceTree = "<group>"; };
		7CE2141A1D1258B400B1B98B /* Insert_Element.m */ = {isa = PBXFileReference; fileEncoding = 4; lastKnownFileType = sourcecode.c.objc; path = Insert_Element.m; sourceTree = "<group>"; };
		8D2CE7A03AEC40766E879401 /* Pods-HalfCandy.release.xcconfig */ = {isa = PBXFileReference; includeInIndex = 1; lastKnownFileType = text.xcconfig; name = "Pods-HalfCandy.release.xcconfig"; path = "Pods/Target Support Files/Pods-HalfCandy/Pods-HalfCandy.release.xcconfig"; sourceTree = "<group>"; };
		DC41E413AC11BFE6E351FF72 /* libPods-HalfCandy.a */ = {isa = PBXFileReference; explicitFileType = archive.ar; includeInIndex = 0; path = "libPods-HalfCandy.a"; sourceTree = BUILT_PRODUCTS_DIR; };
/* End PBXFileReference section */

/* Begin PBXFrameworksBuildPhase section */
		7C65EF921D091C1D00927E40 /* Frameworks */ = {
			isa = PBXFrameworksBuildPhase;
			buildActionMask = 2147483647;
			files = (
			);
			runOnlyForDeploymentPostprocessing = 0;
		};
		7CB49D6F1CF6F9E000B5F8FA /* Frameworks */ = {
			isa = PBXFrameworksBuildPhase;
			buildActionMask = 2147483647;
			files = (
				64A42EE93AB646C6CEE18A71 /* libPods-HalfCandy.a in Frameworks */,
			);
			runOnlyForDeploymentPostprocessing = 0;
		};
/* End PBXFrameworksBuildPhase section */

/* Begin PBXGroup section */
		384D824DB871F3F78DDA2DC3 /* Frameworks */ = {
			isa = PBXGroup;
			children = (
				DC41E413AC11BFE6E351FF72 /* libPods-HalfCandy.a */,
			);
			name = Frameworks;
			sourceTree = "<group>";
		};
		68CBADB937295906D5445E84 /* Pods */ = {
			isa = PBXGroup;
			children = (
				7A112DEABDF6EA5C7915D9F5 /* Pods-HalfCandy.debug.xcconfig */,
				8D2CE7A03AEC40766E879401 /* Pods-HalfCandy.release.xcconfig */,
			);
			name = Pods;
			sourceTree = "<group>";
		};
		7C0BBBA61CF932AB00A453A6 /* Common */ = {
			isa = PBXGroup;
			children = (
				7CB954EB1D046D62007E396B /* Category */,
			);
			path = Common;
			sourceTree = "<group>";
		};
		7C1E001C1D12A84500922ABA /* Base */ = {
			isa = PBXGroup;
			children = (
				7C1E001E1D12A85400922ABA /* BaseView */,
				7C1E001D1D12A84C00922ABA /* BaseModel */,
			);
			name = Base;
			sourceTree = "<group>";
		};
		7C1E001D1D12A84C00922ABA /* BaseModel */ = {
			isa = PBXGroup;
			children = (
				7C1E001F1D12A88200922ABA /* BaseModel.h */,
				7C1E00201D12A88200922ABA /* BaseModel.m */,
			);
			name = BaseModel;
			sourceTree = "<group>";
		};
		7C1E001E1D12A85400922ABA /* BaseView */ = {
			isa = PBXGroup;
			children = (
				7C65F00F1D0D071B00927E40 /* BaseTableViewCell.h */,
				7C65F0101D0D071B00927E40 /* BaseTableViewCell.m */,
			);
			name = BaseView;
			sourceTree = "<group>";
		};
		7C2497FF1D1A9489000C9EAA /* Common */ = {
			isa = PBXGroup;
			children = (
				7C65F02E1D0D963300927E40 /* QCViewControllerFlowLayout.h */,
				7C65F02F1D0D963300927E40 /* QCViewControllerFlowLayout.m */,
			);
			name = Common;
			sourceTree = "<group>";
		};
		7C6485DD1D066B2400BE07AF /* HomeListView */ = {
			isa = PBXGroup;
			children = (
				7C65F0121D0D087400927E40 /* Common */,
				7C65F00B1D0D038800927E40 /* View */,
				7C6485DE1D066B3A00BE07AF /* Controller */,
			);
			path = HomeListView;
			sourceTree = "<group>";
		};
		7C6485DE1D066B3A00BE07AF /* Controller */ = {
			isa = PBXGroup;
			children = (
				7C6485DF1D066B6D00BE07AF /* HomeListViewController.h */,
				7C6485E01D066B6D00BE07AF /* HomeListViewController.m */,
			);
			path = Controller;
			sourceTree = "<group>";
		};
		7C6485E21D06AD5A00BE07AF /* QCRound */ = {
			isa = PBXGroup;
			children = (
				7C6485E31D06AD5A00BE07AF /* QCRound.h */,
				7C6485E41D06AD5A00BE07AF /* QCRound.m */,
				7C6485E51D06AD5A00BE07AF /* QCRoundCell.h */,
				7C6485E61D06AD5A00BE07AF /* QCRoundCell.m */,
			);
			path = QCRound;
			sourceTree = "<group>";
		};
		7C6485E91D06AFAA00BE07AF /* Networking */ = {
			isa = PBXGroup;
			children = (
				7C65EF791D07EAF400927E40 /* QCBaseRequest.h */,
				7C65EF7A1D07EAF400927E40 /* QCBaseRequest.m */,
				7C65EF7D1D08139700927E40 /* QCHomeRequest.h */,
				7C65EF7E1D08139700927E40 /* QCHomeRequest.m */,
				7C65EF7C1D08128E00927E40 /* QCNetwork.h */,
				7C65EF801D081CC400927E40 /* QCNetworkConfig.h */,
				7C65EF811D081CC400927E40 /* QCNetworkConfig.m */,
				7C65EF761D07B8AB00927E40 /* QCNetworkManager.h */,
				7C65EF771D07B8AB00927E40 /* QCNetworkManager.m */,
			);
			path = Networking;
			sourceTree = "<group>";
		};
		7C65EF961D091C1D00927E40 /* HalfCandyTests */ = {
			isa = PBXGroup;
			children = (
				7C65EF971D091C1D00927E40 /* HalfCandyTests.m */,
				7C65EF991D091C1D00927E40 /* Info.plist */,
				7C65EF9F1D091C4300927E40 /* QCNetworkConfigTest.m */,
			);
			path = HalfCandyTests;
			sourceTree = "<group>";
		};
		7C65EFC21D09273D00927E40 /* Model */ = {
			isa = PBXGroup;
			children = (
				7CE214191D1258B400B1B98B /* Insert_Element.h */,
				7CE2141A1D1258B400B1B98B /* Insert_Element.m */,
				7C65EFC31D09274700927E40 /* Append_Extend.h */,
				7C65EFC41D09274700927E40 /* Append_Extend.m */,
				7C65EFC51D09274700927E40 /* Banner.h */,
				7C65EFC61D09274700927E40 /* Banner.m */,
				7C65EFC71D09274700927E40 /* Category_Element.h */,
				7C65EFC81D09274700927E40 /* Category_Element.m */,
				7C65EFC91D09274700927E40 /* Channel.h */,
				7C65EFCA1D09274700927E40 /* Channel.m */,
				7C65EFCB1D09274700927E40 /* Firstpage_Element.h */,
				7C65EFCC1D09274700927E40 /* Firstpage_Element.m */,
				7C65EFCD1D09274700927E40 /* HomePageData.h */,
				7C65EFCE1D09274700927E40 /* HomePageData.m */,
				7C65EFCF1D09274700927E40 /* HomePageRecommend.h */,
				7C65EFD01D09274700927E40 /* HomePageRecommend.m */,
				7C65EFD11D09274700927E40 /* Pics.h */,
				7C65EFD21D09274700927E40 /* Pics.m */,
				7C65EFD31D09274700927E40 /* Topic.h */,
				7C65EFD41D09274700927E40 /* Topic.m */,
				7C65EFD51D09274700927E40 /* User.h */,
				7C65EFD61D09274700927E40 /* User.m */,
				7C65EFD71D09274700927E40 /* Video.h */,
				7C65EFD81D09274700927E40 /* Video.m */,
			);
			path = Model;
			sourceTree = "<group>";
		};
		7C65F00B1D0D038800927E40 /* View */ = {
			isa = PBXGroup;
			children = (
				7C65F0161D0D0C2900927E40 /* TopicTableViewCell.h */,
				7C65F0171D0D0C2900927E40 /* TopicTableViewCell.m */,
				7C1E00221D12AF9500922ABA /* TopicImageIconTableViewCell.h */,
				7C1E00231D12AF9500922ABA /* TopicImageIconTableViewCell.m */,
			);
			name = View;
			sourceTree = "<group>";
		};
		7C65F0121D0D087400927E40 /* Common */ = {
			isa = PBXGroup;
			children = (
				7C65F0131D0D089100927E40 /* CellFactory.h */,
				7C65F0141D0D089100927E40 /* CellFactory.m */,
			);
			name = Common;
			sourceTree = "<group>";
		};
		7CB49D691CF6F9E000B5F8FA = {
			isa = PBXGroup;
			children = (
				384D824DB871F3F78DDA2DC3 /* Frameworks */,
				7CB49D741CF6F9E000B5F8FA /* HalfCandy */,
				7C65EF961D091C1D00927E40 /* HalfCandyTests */,
				68CBADB937295906D5445E84 /* Pods */,
				7CB49D731CF6F9E000B5F8FA /* Products */,
			);
			sourceTree = "<group>";
		};
		7CB49D731CF6F9E000B5F8FA /* Products */ = {
			isa = PBXGroup;
			children = (
				7CB49D721CF6F9E000B5F8FA /* HalfCandy.app */,
				7C65EF951D091C1D00927E40 /* HalfCandyTests.xctest */,
			);
			name = Products;
			sourceTree = "<group>";
		};
		7CB49D741CF6F9E000B5F8FA /* HalfCandy */ = {
			isa = PBXGroup;
			children = (
				7C1E001C1D12A84500922ABA /* Base */,
				7C0BBBA61CF932AB00A453A6 /* Common */,
				7C6485DD1D066B2400BE07AF /* HomeListView */,
				7CB49D8C1CF6F9EC00B5F8FA /* HomePage */,
				7C6485E91D06AFAA00BE07AF /* Networking */,
				7CB49D751CF6F9E000B5F8FA /* Supporting Files */,
				7CB49D781CF6F9E000B5F8FA /* AppDelegate.h */,
				7CB49D791CF6F9E000B5F8FA /* AppDelegate.m */,
			);
			path = HalfCandy;
			sourceTree = "<group>";
		};
		7CB49D751CF6F9E000B5F8FA /* Supporting Files */ = {
			isa = PBXGroup;
			children = (
				7CB49D811CF6F9E000B5F8FA /* Assets.xcassets */,
				7CB49D861CF6F9E000B5F8FA /* Info.plist */,
				7CB49D831CF6F9E000B5F8FA /* LaunchScreen.storyboard */,
				7CB49D7E1CF6F9E000B5F8FA /* Main.storyboard */,
				7CB49D761CF6F9E000B5F8FA /* main.m */,
			);
			path = "Supporting Files";
			sourceTree = "<group>";
		};
		7CB49D8C1CF6F9EC00B5F8FA /* HomePage */ = {
			isa = PBXGroup;
			children = (
				7C2497FF1D1A9489000C9EAA /* Common */,
				7CB49D8E1CF6F9F800B5F8FA /* Controller */,
				7C65EFC21D09273D00927E40 /* Model */,
				7CB49D8D1CF6F9F400B5F8FA /* View */,
			);
			path = HomePage;
			sourceTree = "<group>";
		};
		7CB49D8D1CF6F9F400B5F8FA /* View */ = {
			isa = PBXGroup;
			children = (
				7C6485E21D06AD5A00BE07AF /* QCRound */,
				7C65EFE41D0B152C00927E40 /* QCTitleViewLayout.h */,
				7C65EFE51D0B152C00927E40 /* QCTitleViewLayout.m */,
				7C65F0051D0C7C6200927E40 /* TitleCollectionViewCell.h */,
				7C65F0061D0C7C6200927E40 /* TitleCollectionViewCell.m */,
				7C2497FC1D1A9481000C9EAA /* TopNavgationView.h */,
				7C2497FD1D1A9481000C9EAA /* TopNavgationView.m */,
			);
			path = View;
			sourceTree = "<group>";
		};
		7CB49D8E1CF6F9F800B5F8FA /* Controller */ = {
			isa = PBXGroup;
			children = (
				7CB49D901CF6FA2200B5F8FA /* HCHomePageViewController.h */,
				7CB49D911CF6FA2200B5F8FA /* HCHomePageViewController.m */,
			);
			path = Controller;
			sourceTree = "<group>";
		};
		7CB954EB1D046D62007E396B /* Category */ = {
			isa = PBXGroup;
			children = (
				7C6485DA1D06524B00BE07AF /* UIScrollView+ContentSetting.h */,
				7C6485DB1D06524B00BE07AF /* UIScrollView+ContentSetting.m */,
				7CB954EC1D046DDF007E396B /* UIView+Coord.h */,
				7CB954ED1D046DDF007E396B /* UIView+Coord.m */,
			);
			path = Category;
			sourceTree = "<group>";
		};
/* End PBXGroup section */

/* Begin PBXNativeTarget section */
		7C65EF941D091C1D00927E40 /* HalfCandyTests */ = {
			isa = PBXNativeTarget;
			buildConfigurationList = 7C65EF9C1D091C1D00927E40 /* Build configuration list for PBXNativeTarget "HalfCandyTests" */;
			buildPhases = (
				7C65EF911D091C1D00927E40 /* Sources */,
				7C65EF921D091C1D00927E40 /* Frameworks */,
				7C65EF931D091C1D00927E40 /* Resources */,
			);
			buildRules = (
			);
			dependencies = (
				7C65EF9B1D091C1D00927E40 /* PBXTargetDependency */,
			);
			name = HalfCandyTests;
			productName = HalfCandyTests;
			productReference = 7C65EF951D091C1D00927E40 /* HalfCandyTests.xctest */;
			productType = "com.apple.product-type.bundle.unit-test";
		};
		7CB49D711CF6F9E000B5F8FA /* HalfCandy */ = {
			isa = PBXNativeTarget;
			buildConfigurationList = 7CB49D891CF6F9E000B5F8FA /* Build configuration list for PBXNativeTarget "HalfCandy" */;
			buildPhases = (
				22E82F5765A487A3D9B1C1C5 /* [CP] Check Pods Manifest.lock */,
				7CB49D6E1CF6F9E000B5F8FA /* Sources */,
				7CB49D6F1CF6F9E000B5F8FA /* Frameworks */,
				7CB49D701CF6F9E000B5F8FA /* Resources */,
				2DACA6E211DCADB479FFA196 /* [CP] Embed Pods Frameworks */,
				385676B5F055D31381B15F60 /* [CP] Copy Pods Resources */,
			);
			buildRules = (
			);
			dependencies = (
			);
			name = HalfCandy;
			productName = HalfCandy;
			productReference = 7CB49D721CF6F9E000B5F8FA /* HalfCandy.app */;
			productType = "com.apple.product-type.application";
		};
/* End PBXNativeTarget section */

/* Begin PBXProject section */
		7CB49D6A1CF6F9E000B5F8FA /* Project object */ = {
			isa = PBXProject;
			attributes = {
				LastUpgradeCheck = 0730;
				ORGANIZATIONNAME = QC.L;
				TargetAttributes = {
					7C65EF941D091C1D00927E40 = {
						CreatedOnToolsVersion = 7.3.1;
						TestTargetID = 7CB49D711CF6F9E000B5F8FA;
					};
					7CB49D711CF6F9E000B5F8FA = {
						CreatedOnToolsVersion = 7.3.1;
						DevelopmentTeam = NBG7MKUT8T;
						DevelopmentTeamName = "QiChang Li";
						ProvisioningStyle = Automatic;
					};
				};
			};
			buildConfigurationList = 7CB49D6D1CF6F9E000B5F8FA /* Build configuration list for PBXProject "HalfCandy" */;
			compatibilityVersion = "Xcode 3.2";
			developmentRegion = English;
			hasScannedForEncodings = 0;
			knownRegions = (
				en,
				Base,
			);
			mainGroup = 7CB49D691CF6F9E000B5F8FA;
			productRefGroup = 7CB49D731CF6F9E000B5F8FA /* Products */;
			projectDirPath = "";
			projectRoot = "";
			targets = (
				7CB49D711CF6F9E000B5F8FA /* HalfCandy */,
				7C65EF941D091C1D00927E40 /* HalfCandyTests */,
			);
		};
/* End PBXProject section */

/* Begin PBXResourcesBuildPhase section */
		7C65EF931D091C1D00927E40 /* Resources */ = {
			isa = PBXResourcesBuildPhase;
			buildActionMask = 2147483647;
			files = (
			);
			runOnlyForDeploymentPostprocessing = 0;
		};
		7CB49D701CF6F9E000B5F8FA /* Resources */ = {
			isa = PBXResourcesBuildPhase;
			buildActionMask = 2147483647;
			files = (
				7CB49D851CF6F9E000B5F8FA /* LaunchScreen.storyboard in Resources */,
				7CB49D821CF6F9E000B5F8FA /* Assets.xcassets in Resources */,
				7CB49D801CF6F9E000B5F8FA /* Main.storyboard in Resources */,
			);
			runOnlyForDeploymentPostprocessing = 0;
		};
/* End PBXResourcesBuildPhase section */

/* Begin PBXShellScriptBuildPhase section */
		22E82F5765A487A3D9B1C1C5 /* [CP] Check Pods Manifest.lock */ = {
			isa = PBXShellScriptBuildPhase;
			buildActionMask = 2147483647;
			files = (
			);
			inputPaths = (
			);
			name = "[CP] Check Pods Manifest.lock";
			outputPaths = (
			);
			runOnlyForDeploymentPostprocessing = 0;
			shellPath = /bin/sh;
			shellScript = "diff \"${PODS_ROOT}/../Podfile.lock\" \"${PODS_ROOT}/Manifest.lock\" > /dev/null\nif [[ $? != 0 ]] ; then\n    cat << EOM\nerror: The sandbox is not in sync with the Podfile.lock. Run 'pod install' or update your CocoaPods installation.\nEOM\n    exit 1\nfi\n";
			showEnvVarsInLog = 0;
		};
		2DACA6E211DCADB479FFA196 /* [CP] Embed Pods Frameworks */ = {
			isa = PBXShellScriptBuildPhase;
			buildActionMask = 2147483647;
			files = (
			);
			inputPaths = (
			);
			name = "[CP] Embed Pods Frameworks";
			outputPaths = (
			);
			runOnlyForDeploymentPostprocessing = 0;
			shellPath = /bin/sh;
			shellScript = "\"${SRCROOT}/Pods/Target Support Files/Pods-HalfCandy/Pods-HalfCandy-frameworks.sh\"\n";
			showEnvVarsInLog = 0;
		};
		385676B5F055D31381B15F60 /* [CP] Copy Pods Resources */ = {
			isa = PBXShellScriptBuildPhase;
			buildActionMask = 2147483647;
			files = (
			);
			inputPaths = (
			);
			name = "[CP] Copy Pods Resources";
			outputPaths = (
			);
			runOnlyForDeploymentPostprocessing = 0;
			shellPath = /bin/sh;
			shellScript = "\"${SRCROOT}/Pods/Target Support Files/Pods-HalfCandy/Pods-HalfCandy-resources.sh\"\n";
			showEnvVarsInLog = 0;
		};
/* End PBXShellScriptBuildPhase section */

/* Begin PBXSourcesBuildPhase section */
		7C65EF911D091C1D00927E40 /* Sources */ = {
			isa = PBXSourcesBuildPhase;
			buildActionMask = 2147483647;
			files = (
				7C65EFA01D091C4300927E40 /* QCNetworkConfigTest.m in Sources */,
				7C65EF981D091C1D00927E40 /* HalfCandyTests.m in Sources */,
			);
			runOnlyForDeploymentPostprocessing = 0;
		};
		7CB49D6E1CF6F9E000B5F8FA /* Sources */ = {
			isa = PBXSourcesBuildPhase;
			buildActionMask = 2147483647;
			files = (
				7C65EFE31D09274700927E40 /* Video.m in Sources */,
				7C65EFE01D09274700927E40 /* Pics.m in Sources */,
				7CB49D921CF6FA2200B5F8FA /* HCHomePageViewController.m in Sources */,
				7C65F0071D0C7C6200927E40 /* TitleCollectionViewCell.m in Sources */,
				7C65EF7B1D07EAF400927E40 /* QCBaseRequest.m in Sources */,
				7CE2141B1D1258B400B1B98B /* Insert_Element.m in Sources */,
				7C1E00241D12AF9500922ABA /* TopicImageIconTableViewCell.m in Sources */,
				7C65F0301D0D963300927E40 /* QCViewControllerFlowLayout.m in Sources */,
				7C65EFDB1D09274700927E40 /* Category_Element.m in Sources */,
				7C65EF7F1D08139700927E40 /* QCHomeRequest.m in Sources */,
				7C65EFDA1D09274700927E40 /* Banner.m in Sources */,
				7C65EFE21D09274700927E40 /* User.m in Sources */,
				7C65F0111D0D071B00927E40 /* BaseTableViewCell.m in Sources */,
				7C65EF821D081CC400927E40 /* QCNetworkConfig.m in Sources */,
				7CB49D7A1CF6F9E000B5F8FA /* AppDelegate.m in Sources */,
				7C65EFDD1D09274700927E40 /* Firstpage_Element.m in Sources */,
				7CB954EE1D046DDF007E396B /* UIView+Coord.m in Sources */,
				7C65EF781D07B8AB00927E40 /* QCNetworkManager.m in Sources */,
				7C6485E71D06AD5A00BE07AF /* QCRound.m in Sources */,
				7C65EFE11D09274700927E40 /* Topic.m in Sources */,
				7C6485E81D06AD5A00BE07AF /* QCRoundCell.m in Sources */,
				7CB49D771CF6F9E000B5F8FA /* main.m in Sources */,
				7C1E00211D12A88200922ABA /* BaseModel.m in Sources */,
				7C6485DC1D06524B00BE07AF /* UIScrollView+ContentSetting.m in Sources */,
				7C65EFDC1D09274700927E40 /* Channel.m in Sources */,
				7C65F0191D0D0C2900927E40 /* TopicTableViewCell.m in Sources */,
				7C2497FE1D1A9481000C9EAA /* TopNavgationView.m in Sources */,
				7C65EFDE1D09274700927E40 /* HomePageData.m in Sources */,
				7C65EFD91D09274700927E40 /* Append_Extend.m in Sources */,
				7C65F0151D0D089100927E40 /* CellFactory.m in Sources */,
				7C65EFE61D0B152C00927E40 /* QCTitleViewLayout.m in Sources */,
				7C6485E11D066B6D00BE07AF /* HomeListViewController.m in Sources */,
				7C65EFDF1D09274700927E40 /* HomePageRecommend.m in Sources */,
			);
			runOnlyForDeploymentPostprocessing = 0;
		};
/* End PBXSourcesBuildPhase section */

/* Begin PBXTargetDependency section */
		7C65EF9B1D091C1D00927E40 /* PBXTargetDependency */ = {
			isa = PBXTargetDependency;
			target = 7CB49D711CF6F9E000B5F8FA /* HalfCandy */;
			targetProxy = 7C65EF9A1D091C1D00927E40 /* PBXContainerItemProxy */;
		};
/* End PBXTargetDependency section */

/* Begin PBXVariantGroup section */
		7CB49D7E1CF6F9E000B5F8FA /* Main.storyboard */ = {
			isa = PBXVariantGroup;
			children = (
				7CB49D7F1CF6F9E000B5F8FA /* Base */,
			);
			name = Main.storyboard;
			path = .;
			sourceTree = "<group>";
		};
		7CB49D831CF6F9E000B5F8FA /* LaunchScreen.storyboard */ = {
			isa = PBXVariantGroup;
			children = (
				7CB49D841CF6F9E000B5F8FA /* Base */,
			);
			name = LaunchScreen.storyboard;
			path = .;
			sourceTree = "<group>";
		};
/* End PBXVariantGroup section */

/* Begin XCBuildConfiguration section */
		7C65EF9D1D091C1D00927E40 /* Debug */ = {
			isa = XCBuildConfiguration;
			buildSettings = {
				BUNDLE_LOADER = "$(TEST_HOST)";
				INFOPLIST_FILE = HalfCandyTests/Info.plist;
				LD_RUNPATH_SEARCH_PATHS = "$(inherited) @executable_path/Frameworks @loader_path/Frameworks";
				PRODUCT_BUNDLE_IDENTIFIER = com.QCL.HalfCandyTests;
				PRODUCT_NAME = "$(TARGET_NAME)";
				TEST_HOST = "$(BUILT_PRODUCTS_DIR)/HalfCandy.app/HalfCandy";
			};
			name = Debug;
		};
		7C65EF9E1D091C1D00927E40 /* Release */ = {
			isa = XCBuildConfiguration;
			buildSettings = {
				BUNDLE_LOADER = "$(TEST_HOST)";
				INFOPLIST_FILE = HalfCandyTests/Info.plist;
				LD_RUNPATH_SEARCH_PATHS = "$(inherited) @executable_path/Frameworks @loader_path/Frameworks";
				PRODUCT_BUNDLE_IDENTIFIER = com.QCL.HalfCandyTests;
				PRODUCT_NAME = "$(TARGET_NAME)";
				TEST_HOST = "$(BUILT_PRODUCTS_DIR)/HalfCandy.app/HalfCandy";
			};
			name = Release;
		};
		7CB49D871CF6F9E000B5F8FA /* Debug */ = {
			isa = XCBuildConfiguration;
			buildSettings = {
				ALWAYS_SEARCH_USER_PATHS = NO;
				CLANG_ANALYZER_NONNULL = YES;
				CLANG_CXX_LANGUAGE_STANDARD = "gnu++0x";
				CLANG_CXX_LIBRARY = "libc++";
				CLANG_ENABLE_MODULES = YES;
				CLANG_ENABLE_OBJC_ARC = YES;
				CLANG_WARN_BOOL_CONVERSION = YES;
				CLANG_WARN_CONSTANT_CONVERSION = YES;
				CLANG_WARN_DIRECT_OBJC_ISA_USAGE = YES_ERROR;
				CLANG_WARN_EMPTY_BODY = YES;
				CLANG_WARN_ENUM_CONVERSION = YES;
				CLANG_WARN_INT_CONVERSION = YES;
				CLANG_WARN_OBJC_ROOT_CLASS = YES_ERROR;
				CLANG_WARN_UNREACHABLE_CODE = YES;
				CLANG_WARN__DUPLICATE_METHOD_MATCH = YES;
				"CODE_SIGN_IDENTITY[sdk=iphoneos*]" = "iPhone Developer";
				COPY_PHASE_STRIP = NO;
				DEBUG_INFORMATION_FORMAT = dwarf;
				ENABLE_STRICT_OBJC_MSGSEND = YES;
				ENABLE_TESTABILITY = YES;
				GCC_C_LANGUAGE_STANDARD = gnu99;
				GCC_DYNAMIC_NO_PIC = NO;
				GCC_NO_COMMON_BLOCKS = YES;
				GCC_OPTIMIZATION_LEVEL = 0;
				GCC_PREPROCESSOR_DEFINITIONS = (
					"DEBUG=1",
					"$(inherited)",
				);
				GCC_WARN_64_TO_32_BIT_CONVERSION = YES;
				GCC_WARN_ABOUT_RETURN_TYPE = YES_ERROR;
				GCC_WARN_UNDECLARED_SELECTOR = YES;
				GCC_WARN_UNINITIALIZED_AUTOS = YES_AGGRESSIVE;
				GCC_WARN_UNUSED_FUNCTION = YES;
				GCC_WARN_UNUSED_VARIABLE = YES;
				IPHONEOS_DEPLOYMENT_TARGET = 7.0;
				MTL_ENABLE_DEBUG_INFO = YES;
				ONLY_ACTIVE_ARCH = YES;
				SDKROOT = iphoneos;
			};
			name = Debug;
		};
		7CB49D881CF6F9E000B5F8FA /* Release */ = {
			isa = XCBuildConfiguration;
			buildSettings = {
				ALWAYS_SEARCH_USER_PATHS = NO;
				CLANG_ANALYZER_NONNULL = YES;
				CLANG_CXX_LANGUAGE_STANDARD = "gnu++0x";
				CLANG_CXX_LIBRARY = "libc++";
				CLANG_ENABLE_MODULES = YES;
				CLANG_ENABLE_OBJC_ARC = YES;
				CLANG_WARN_BOOL_CONVERSION = YES;
				CLANG_WARN_CONSTANT_CONVERSION = YES;
				CLANG_WARN_DIRECT_OBJC_ISA_USAGE = YES_ERROR;
				CLANG_WARN_EMPTY_BODY = YES;
				CLANG_WARN_ENUM_CONVERSION = YES;
				CLANG_WARN_INT_CONVERSION = YES;
				CLANG_WARN_OBJC_ROOT_CLASS = YES_ERROR;
				CLANG_WARN_UNREACHABLE_CODE = YES;
				CLANG_WARN__DUPLICATE_METHOD_MATCH = YES;
				"CODE_SIGN_IDENTITY[sdk=iphoneos*]" = "iPhone Developer";
				COPY_PHASE_STRIP = NO;
				DEBUG_INFORMATION_FORMAT = "dwarf-with-dsym";
				ENABLE_NS_ASSERTIONS = NO;
				ENABLE_STRICT_OBJC_MSGSEND = YES;
				GCC_C_LANGUAGE_STANDARD = gnu99;
				GCC_NO_COMMON_BLOCKS = YES;
				GCC_WARN_64_TO_32_BIT_CONVERSION = YES;
				GCC_WARN_ABOUT_RETURN_TYPE = YES_ERROR;
				GCC_WARN_UNDECLARED_SELECTOR = YES;
				GCC_WARN_UNINITIALIZED_AUTOS = YES_AGGRESSIVE;
				GCC_WARN_UNUSED_FUNCTION = YES;
				GCC_WARN_UNUSED_VARIABLE = YES;
				IPHONEOS_DEPLOYMENT_TARGET = 7.0;
				MTL_ENABLE_DEBUG_INFO = NO;
				SDKROOT = iphoneos;
				VALIDATE_PRODUCT = YES;
			};
			name = Release;
		};
		7CB49D8A1CF6F9E000B5F8FA /* Debug */ = {
			isa = XCBuildConfiguration;
			baseConfigurationReference = 7A112DEABDF6EA5C7915D9F5 /* Pods-HalfCandy.debug.xcconfig */;
			buildSettings = {
				ASSETCATALOG_COMPILER_APPICON_NAME = AppIcon;
				CLANG_ENABLE_OBJC_WEAK = YES;
				CODE_SIGN_IDENTITY = "iPhone Developer: QiChang Li (Q5QE89AZ37)";
				"CODE_SIGN_IDENTITY[sdk=iphoneos*]" = "iPhone Developer";
				INFOPLIST_FILE = "HalfCandy/Supporting Files/Info.plist";
				IPHONEOS_DEPLOYMENT_TARGET = 7.0;
				LD_RUNPATH_SEARCH_PATHS = "$(inherited) @executable_path/Frameworks";
				PRODUCT_BUNDLE_IDENTIFIER = com.QCL.HalfCandy;
				PRODUCT_NAME = "$(TARGET_NAME)";
				PROVISIONING_PROFILE = "";
				PROVISIONING_PROFILE_SPECIFIER = "";
				USER_HEADER_SEARCH_PATHS = "${PODS_ROOT}/**";
			};
			name = Debug;
		};
		7CB49D8B1CF6F9E000B5F8FA /* Release */ = {
			isa = XCBuildConfiguration;
			baseConfigurationReference = 8D2CE7A03AEC40766E879401 /* Pods-HalfCandy.release.xcconfig */;
			buildSettings = {
				ASSETCATALOG_COMPILER_APPICON_NAME = AppIcon;
				CLANG_ENABLE_OBJC_WEAK = YES;
				CODE_SIGN_IDENTITY = "iPhone Developer: QiChang Li (Q5QE89AZ37)";
				"CODE_SIGN_IDENTITY[sdk=iphoneos*]" = "iPhone Developer";
				INFOPLIST_FILE = "HalfCandy/Supporting Files/Info.plist";
				IPHONEOS_DEPLOYMENT_TARGET = 7.0;
				LD_RUNPATH_SEARCH_PATHS = "$(inherited) @executable_path/Frameworks";
				PRODUCT_BUNDLE_IDENTIFIER = com.QCL.HalfCandy;
				PRODUCT_NAME = "$(TARGET_NAME)";
				PROVISIONING_PROFILE = "";
				PROVISIONING_PROFILE_SPECIFIER = "";
				USER_HEADER_SEARCH_PATHS = "${PODS_ROOT}/**";
			};
			name = Release;
		};
/* End XCBuildConfiguration section */

/* Begin XCConfigurationList section */
		7C65EF9C1D091C1D00927E40 /* Build configuration list for PBXNativeTarget "HalfCandyTests" */ = {
			isa = XCConfigurationList;
			buildConfigurations = (
				7C65EF9D1D091C1D00927E40 /* Debug */,
				7C65EF9E1D091C1D00927E40 /* Release */,
			);
			defaultConfigurationIsVisible = 0;
			defaultConfigurationName = Release;
		};
		7CB49D6D1CF6F9E000B5F8FA /* Build configuration list for PBXProject "HalfCandy" */ = {
			isa = XCConfigurationList;
			buildConfigurations = (
				7CB49D871CF6F9E000B5F8FA /* Debug */,
				7CB49D881CF6F9E000B5F8FA /* Release */,
			);
			defaultConfigurationIsVisible = 0;
			defaultConfigurationName = Release;
		};
		7CB49D891CF6F9E000B5F8FA /* Build configuration list for PBXNativeTarget "HalfCandy" */ = {
			isa = XCConfigurationList;
			buildConfigurations = (
				7CB49D8A1CF6F9E000B5F8FA /* Debug */,
				7CB49D8B1CF6F9E000B5F8FA /* Release */,
			);
			defaultConfigurationIsVisible = 0;
			defaultConfigurationName = Release;
		};
/* End XCConfigurationList section */
	};
	rootObject = 7CB49D6A1CF6F9E000B5F8FA /* Project object */;
}
